
Microsoft Visual Studio Solution File, Format Version 12.00
# Visual Studio Version 16
VisualStudioVersion = 16.0.32602.291
MinimumVisualStudioVersion = 10.0.40219.1
Project("{FAE04EC0-301F-11D3-BF4B-00C04F79EFBC}") = "Task", "Task\Task.csproj", "{59E993C4-321D-4245-83F6-8F7A6678B5EC}"
EndProject
Project("{FAE04EC0-301F-11D3-BF4B-00C04F79EFBC}") = "Task2", "Task2\Task2.csproj", "{8DE97C76-DD91-4C14-8A0D-A20BFAC11EAD}"
EndProject
Global
	GlobalSection(SolutionConfigurationPlatforms) = preSolution
		Debug|Any CPU = Debug|Any CPU
		Release|Any CPU = Release|Any CPU
	EndGlobalSection
	GlobalSection(ProjectConfigurationPlatforms) = postSolution
		{59E993C4-321D-4245-83F6-8F7A6678B5EC}.Debug|Any CPU.ActiveCfg = Debug|Any CPU
		{59E993C4-321D-4245-83F6-8F7A6678B5EC}.Debug|Any CPU.Build.0 = Debug|Any CPU
		{59E993C4-321D-4245-83F6-8F7A6678B5EC}.Release|Any CPU.ActiveCfg = Release|Any CPU
		{59E993C4-321D-4245-83F6-8F7A6678B5EC}.Release|Any CPU.Build.0 = Release|Any CPU
		{8DE97C76-DD91-4C14-8A0D-A20BFAC11EAD}.Debug|Any CPU.ActiveCfg = Debug|Any CPU
		{8DE97C76-DD91-4C14-8A0D-A20BFAC11EAD}.Debug|Any CPU.Build.0 = Debug|Any CPU
		{8DE97C76-DD91-4C14-8A0D-A20BFAC11EAD}.Release|Any CPU.ActiveCfg = Release|Any CPU
		{8DE97C76-DD91-4C14-8A0D-A20BFAC11EAD}.Release|Any CPU.Build.0 = Release|Any CPU
	EndGlobalSection
	GlobalSection(SolutionProperties) = preSolution
		HideSolutionNode = FALSE
	EndGlobalSection
	GlobalSection(ExtensibilityGlobals) = postSolution
		SolutionGuid = {191ED632-8C92-49DF-823C-DB84078C4E94}
	EndGlobalSection
EndGlobal
